
Microsoft Visual Studio Solution File, Format Version 12.00
# Visual Studio Version 17
VisualStudioVersion = 17.3.32804.467
MinimumVisualStudioVersion = 10.0.40219.1
Project("{9A19103F-16F7-4668-BE54-9A1E7A4F7556}") = "Construtores", "Construtores.csproj", "{D91D177A-D5CD-48AE-997B-F283C89B5748}"
EndProject
Project("{9A19103F-16F7-4668-BE54-9A1E7A4F7556}") = "Sobrecarga", "..\Sobrecarga\Sobrecarga.csproj", "{3A0AB9EE-E43E-41D9-A1C3-73E62C0E7A75}"
EndProject
Project("{9A19103F-16F7-4668-BE54-9A1E7A4F7556}") = "This", "..\This\This.csproj", "{5CBF0AB7-5147-4666-AC57-E07F282B2DCD}"
EndProject
Project("{9A19103F-16F7-4668-BE54-9A1E7A4F7556}") = "Encapsulamento", "..\Encapsulamento\Encapsulamento.csproj", "{CBCEEC3D-9FAC-40F4-A592-AA7ED299E767}"
EndProject
Project("{9A19103F-16F7-4668-BE54-9A1E7A4F7556}") = "PropertiesAutoProperties", "..\PropertiesAutoProperties\PropertiesAutoProperties.csproj", "{DA01C4CE-24B8-44BC-BCF8-4284C321A084}"
EndProject
Project("{FAE04EC0-301F-11D3-BF4B-00C04F79EFBC}") = "ExercicioFixacao", "..\ExercicioFixacao\ExercicioFixacao.csproj", "{91641AD9-D93D-4D8C-A8D1-4276AAD549C1}"
EndProject
Project("{FAE04EC0-301F-11D3-BF4B-00C04F79EFBC}") = "MeuMiniProjeto_ContratacaoServico", "..\MeuMiniProjeto_ContratacaoServico\MeuMiniProjeto_ContratacaoServico.csproj", "{46AECD20-5CAF-4212-8C87-B123546D0EA3}"
EndProject
Global
	GlobalSection(SolutionConfigurationPlatforms) = preSolution
		Debug|Any CPU = Debug|Any CPU
		Release|Any CPU = Release|Any CPU
	EndGlobalSection
	GlobalSection(ProjectConfigurationPlatforms) = postSolution
		{D91D177A-D5CD-48AE-997B-F283C89B5748}.Debug|Any CPU.ActiveCfg = Debug|Any CPU
		{D91D177A-D5CD-48AE-997B-F283C89B5748}.Debug|Any CPU.Build.0 = Debug|Any CPU
		{D91D177A-D5CD-48AE-997B-F283C89B5748}.Release|Any CPU.ActiveCfg = Release|Any CPU
		{D91D177A-D5CD-48AE-997B-F283C89B5748}.Release|Any CPU.Build.0 = Release|Any CPU
		{3A0AB9EE-E43E-41D9-A1C3-73E62C0E7A75}.Debug|Any CPU.ActiveCfg = Debug|Any CPU
		{3A0AB9EE-E43E-41D9-A1C3-73E62C0E7A75}.Debug|Any CPU.Build.0 = Debug|Any CPU
		{3A0AB9EE-E43E-41D9-A1C3-73E62C0E7A75}.Release|Any CPU.ActiveCfg = Release|Any CPU
		{3A0AB9EE-E43E-41D9-A1C3-73E62C0E7A75}.Release|Any CPU.Build.0 = Release|Any CPU
		{5CBF0AB7-5147-4666-AC57-E07F282B2DCD}.Debug|Any CPU.ActiveCfg = Debug|Any CPU
		{5CBF0AB7-5147-4666-AC57-E07F282B2DCD}.Debug|Any CPU.Build.0 = Debug|Any CPU
		{5CBF0AB7-5147-4666-AC57-E07F282B2DCD}.Release|Any CPU.ActiveCfg = Release|Any CPU
		{5CBF0AB7-5147-4666-AC57-E07F282B2DCD}.Release|Any CPU.Build.0 = Release|Any CPU
		{CBCEEC3D-9FAC-40F4-A592-AA7ED299E767}.Debug|Any CPU.ActiveCfg = Debug|Any CPU
		{CBCEEC3D-9FAC-40F4-A592-AA7ED299E767}.Debug|Any CPU.Build.0 = Debug|Any CPU
		{CBCEEC3D-9FAC-40F4-A592-AA7ED299E767}.Release|Any CPU.ActiveCfg = Release|Any CPU
		{CBCEEC3D-9FAC-40F4-A592-AA7ED299E767}.Release|Any CPU.Build.0 = Release|Any CPU
		{DA01C4CE-24B8-44BC-BCF8-4284C321A084}.Debug|Any CPU.ActiveCfg = Debug|Any CPU
		{DA01C4CE-24B8-44BC-BCF8-4284C321A084}.Debug|Any CPU.Build.0 = Debug|Any CPU
		{DA01C4CE-24B8-44BC-BCF8-4284C321A084}.Release|Any CPU.ActiveCfg = Release|Any CPU
		{DA01C4CE-24B8-44BC-BCF8-4284C321A084}.Release|Any CPU.Build.0 = Release|Any CPU
		{91641AD9-D93D-4D8C-A8D1-4276AAD549C1}.Debug|Any CPU.ActiveCfg = Debug|Any CPU
		{91641AD9-D93D-4D8C-A8D1-4276AAD549C1}.Debug|Any CPU.Build.0 = Debug|Any CPU
		{91641AD9-D93D-4D8C-A8D1-4276AAD549C1}.Release|Any CPU.ActiveCfg = Release|Any CPU
		{91641AD9-D93D-4D8C-A8D1-4276AAD549C1}.Release|Any CPU.Build.0 = Release|Any CPU
		{46AECD20-5CAF-4212-8C87-B123546D0EA3}.Debug|Any CPU.ActiveCfg = Debug|Any CPU
		{46AECD20-5CAF-4212-8C87-B123546D0EA3}.Debug|Any CPU.Build.0 = Debug|Any CPU
		{46AECD20-5CAF-4212-8C87-B123546D0EA3}.Release|Any CPU.ActiveCfg = Release|Any CPU
		{46AECD20-5CAF-4212-8C87-B123546D0EA3}.Release|Any CPU.Build.0 = Release|Any CPU
	EndGlobalSection
	GlobalSection(SolutionProperties) = preSolution
		HideSolutionNode = FALSE
	EndGlobalSection
	GlobalSection(ExtensibilityGlobals) = postSolution
		SolutionGuid = {2828F4B1-F25D-4341-96FD-02C302774D95}
	EndGlobalSection
EndGlobal
