
Microsoft Visual Studio Solution File, Format Version 12.00
# Visual Studio Version 17
VisualStudioVersion = 17.3.32804.467
MinimumVisualStudioVersion = 10.0.40219.1
Project("{2150E333-8FDC-42A3-9474-1A3956D46DE8}") = "Secao06_ComportamentosDeMemoriaArraysListas", "Secao06_ComportamentosDeMemoriaArraysListas", "{6D4E8EC5-F195-408C-B157-7FA96297DFBE}"
	ProjectSection(SolutionItems) = preProject
		notasDaSecao.txt = notasDaSecao.txt
	EndProjectSection
EndProject
Project("{9A19103F-16F7-4668-BE54-9A1E7A4F7556}") = "point", "referencia\point.csproj", "{F2E49A8A-E929-4087-A251-533CE7E55E58}"
EndProject
Project("{9A19103F-16F7-4668-BE54-9A1E7A4F7556}") = "Vetor", "Vetor\Vetor.csproj", "{44E0F6B5-A3A6-434C-8F55-ED8A4E498473}"
EndProject
Project("{2150E333-8FDC-42A3-9474-1A3956D46DE8}") = "ExercicioFixacaoVetor", "ExercicioFixacaoVetor", "{6DD0389E-6DBD-4BB2-BB1B-720CE1307C76}"
EndProject
Project("{9A19103F-16F7-4668-BE54-9A1E7A4F7556}") = "ExercicioFixacaoApp", "ExercicioDeFixacao\ExercicioFixacaoApp\ExercicioFixacaoApp.csproj", "{7F5F0078-2ED9-46C9-B0FC-D14377F380A2}"
EndProject
Project("{2150E333-8FDC-42A3-9474-1A3956D46DE8}") = "Foreach", "Foreach", "{11A4385B-463C-49B4-B7D2-B14D2CFA676A}"
EndProject
Project("{9A19103F-16F7-4668-BE54-9A1E7A4F7556}") = "ModificadorParams", "ModificadorParams\ModificadorParams\ModificadorParams.csproj", "{1668D669-85E8-4F29-A279-229017101C7B}"
EndProject
Project("{2150E333-8FDC-42A3-9474-1A3956D46DE8}") = "BoxingUnboxing", "BoxingUnboxing", "{CE5DC5F9-B983-46A2-9F36-A41C4F5720F1}"
EndProject
Project("{9A19103F-16F7-4668-BE54-9A1E7A4F7556}") = "Foreach", "Foreach\Foreach\Foreach.csproj", "{D0F3FB03-34EC-4699-8993-F6A58E3F0947}"
EndProject
Project("{2150E333-8FDC-42A3-9474-1A3956D46DE8}") = "NewFolder1", "NewFolder1", "{4903FC96-B752-439F-B491-1B430AD0E90D}"
EndProject
Project("{2150E333-8FDC-42A3-9474-1A3956D46DE8}") = "Lista", "Lista", "{C29EF0E3-ED24-477D-B7FC-7A6D4C2F3ACE}"
EndProject
Project("{9A19103F-16F7-4668-BE54-9A1E7A4F7556}") = "Lista", "Lista\Lista\Lista.csproj", "{BA1B1784-CDFF-4613-8FD6-397E5A2E5645}"
EndProject
Project("{2150E333-8FDC-42A3-9474-1A3956D46DE8}") = "ExercicioFixacaoLista", "ExercicioFixacaoLista", "{2F2E7C11-8023-4D11-8ED8-ABCA40108267}"
EndProject
Project("{FAE04EC0-301F-11D3-BF4B-00C04F79EFBC}") = "ExercicioFixacaoLista", "ExercicioDeFixacao\ExercicioFixacaoLista\ExercicioFixacaoLista.csproj", "{0F389FC2-D2E9-4811-A8DC-677D10EEB3E8}"
EndProject
Project("{2150E333-8FDC-42A3-9474-1A3956D46DE8}") = "Matrizes", "Matrizes", "{2D2EC72D-95E0-4DB9-8958-C630A97A6FDF}"
EndProject
Project("{FAE04EC0-301F-11D3-BF4B-00C04F79EFBC}") = "Matriz", "Matriz\Matriz.csproj", "{84902445-DE88-40E6-814C-D03608A2459D}"
EndProject
Project("{2150E333-8FDC-42A3-9474-1A3956D46DE8}") = "ExercicioFixacaoMatriz", "ExercicioFixacaoMatriz", "{AB7A34F5-0AC5-45E6-A112-1A2A9913D58C}"
EndProject
Project("{FAE04EC0-301F-11D3-BF4B-00C04F79EFBC}") = "ExercicioFixacaoMatriz", "ExercicioDeFixacao\ExercicioFixacaoMatriz\ExercicioFixacaoMatriz.csproj", "{EBD26139-FDF7-4FDE-8DA9-23C4E952E9EA}"
EndProject
Global
	GlobalSection(SolutionConfigurationPlatforms) = preSolution
		Debug|Any CPU = Debug|Any CPU
		Release|Any CPU = Release|Any CPU
	EndGlobalSection
	GlobalSection(ProjectConfigurationPlatforms) = postSolution
		{F2E49A8A-E929-4087-A251-533CE7E55E58}.Debug|Any CPU.ActiveCfg = Debug|Any CPU
		{F2E49A8A-E929-4087-A251-533CE7E55E58}.Debug|Any CPU.Build.0 = Debug|Any CPU
		{F2E49A8A-E929-4087-A251-533CE7E55E58}.Release|Any CPU.ActiveCfg = Release|Any CPU
		{F2E49A8A-E929-4087-A251-533CE7E55E58}.Release|Any CPU.Build.0 = Release|Any CPU
		{44E0F6B5-A3A6-434C-8F55-ED8A4E498473}.Debug|Any CPU.ActiveCfg = Debug|Any CPU
		{44E0F6B5-A3A6-434C-8F55-ED8A4E498473}.Debug|Any CPU.Build.0 = Debug|Any CPU
		{44E0F6B5-A3A6-434C-8F55-ED8A4E498473}.Release|Any CPU.ActiveCfg = Release|Any CPU
		{44E0F6B5-A3A6-434C-8F55-ED8A4E498473}.Release|Any CPU.Build.0 = Release|Any CPU
		{7F5F0078-2ED9-46C9-B0FC-D14377F380A2}.Debug|Any CPU.ActiveCfg = Debug|Any CPU
		{7F5F0078-2ED9-46C9-B0FC-D14377F380A2}.Debug|Any CPU.Build.0 = Debug|Any CPU
		{7F5F0078-2ED9-46C9-B0FC-D14377F380A2}.Release|Any CPU.ActiveCfg = Release|Any CPU
		{7F5F0078-2ED9-46C9-B0FC-D14377F380A2}.Release|Any CPU.Build.0 = Release|Any CPU
		{1668D669-85E8-4F29-A279-229017101C7B}.Debug|Any CPU.ActiveCfg = Debug|Any CPU
		{1668D669-85E8-4F29-A279-229017101C7B}.Debug|Any CPU.Build.0 = Debug|Any CPU
		{1668D669-85E8-4F29-A279-229017101C7B}.Release|Any CPU.ActiveCfg = Release|Any CPU
		{1668D669-85E8-4F29-A279-229017101C7B}.Release|Any CPU.Build.0 = Release|Any CPU
		{D0F3FB03-34EC-4699-8993-F6A58E3F0947}.Debug|Any CPU.ActiveCfg = Debug|Any CPU
		{D0F3FB03-34EC-4699-8993-F6A58E3F0947}.Debug|Any CPU.Build.0 = Debug|Any CPU
		{D0F3FB03-34EC-4699-8993-F6A58E3F0947}.Release|Any CPU.ActiveCfg = Release|Any CPU
		{D0F3FB03-34EC-4699-8993-F6A58E3F0947}.Release|Any CPU.Build.0 = Release|Any CPU
		{BA1B1784-CDFF-4613-8FD6-397E5A2E5645}.Debug|Any CPU.ActiveCfg = Debug|Any CPU
		{BA1B1784-CDFF-4613-8FD6-397E5A2E5645}.Debug|Any CPU.Build.0 = Debug|Any CPU
		{BA1B1784-CDFF-4613-8FD6-397E5A2E5645}.Release|Any CPU.ActiveCfg = Release|Any CPU
		{BA1B1784-CDFF-4613-8FD6-397E5A2E5645}.Release|Any CPU.Build.0 = Release|Any CPU
		{0F389FC2-D2E9-4811-A8DC-677D10EEB3E8}.Debug|Any CPU.ActiveCfg = Debug|Any CPU
		{0F389FC2-D2E9-4811-A8DC-677D10EEB3E8}.Debug|Any CPU.Build.0 = Debug|Any CPU
		{0F389FC2-D2E9-4811-A8DC-677D10EEB3E8}.Release|Any CPU.ActiveCfg = Release|Any CPU
		{0F389FC2-D2E9-4811-A8DC-677D10EEB3E8}.Release|Any CPU.Build.0 = Release|Any CPU
		{84902445-DE88-40E6-814C-D03608A2459D}.Debug|Any CPU.ActiveCfg = Debug|Any CPU
		{84902445-DE88-40E6-814C-D03608A2459D}.Debug|Any CPU.Build.0 = Debug|Any CPU
		{84902445-DE88-40E6-814C-D03608A2459D}.Release|Any CPU.ActiveCfg = Release|Any CPU
		{84902445-DE88-40E6-814C-D03608A2459D}.Release|Any CPU.Build.0 = Release|Any CPU
		{EBD26139-FDF7-4FDE-8DA9-23C4E952E9EA}.Debug|Any CPU.ActiveCfg = Debug|Any CPU
		{EBD26139-FDF7-4FDE-8DA9-23C4E952E9EA}.Debug|Any CPU.Build.0 = Debug|Any CPU
		{EBD26139-FDF7-4FDE-8DA9-23C4E952E9EA}.Release|Any CPU.ActiveCfg = Release|Any CPU
		{EBD26139-FDF7-4FDE-8DA9-23C4E952E9EA}.Release|Any CPU.Build.0 = Release|Any CPU
	EndGlobalSection
	GlobalSection(SolutionProperties) = preSolution
		HideSolutionNode = FALSE
	EndGlobalSection
	GlobalSection(NestedProjects) = preSolution
		{F2E49A8A-E929-4087-A251-533CE7E55E58} = {6D4E8EC5-F195-408C-B157-7FA96297DFBE}
		{44E0F6B5-A3A6-434C-8F55-ED8A4E498473} = {6D4E8EC5-F195-408C-B157-7FA96297DFBE}
		{6DD0389E-6DBD-4BB2-BB1B-720CE1307C76} = {6D4E8EC5-F195-408C-B157-7FA96297DFBE}
		{7F5F0078-2ED9-46C9-B0FC-D14377F380A2} = {6DD0389E-6DBD-4BB2-BB1B-720CE1307C76}
		{11A4385B-463C-49B4-B7D2-B14D2CFA676A} = {6D4E8EC5-F195-408C-B157-7FA96297DFBE}
		{1668D669-85E8-4F29-A279-229017101C7B} = {11A4385B-463C-49B4-B7D2-B14D2CFA676A}
		{CE5DC5F9-B983-46A2-9F36-A41C4F5720F1} = {6D4E8EC5-F195-408C-B157-7FA96297DFBE}
		{D0F3FB03-34EC-4699-8993-F6A58E3F0947} = {11A4385B-463C-49B4-B7D2-B14D2CFA676A}
		{C29EF0E3-ED24-477D-B7FC-7A6D4C2F3ACE} = {6D4E8EC5-F195-408C-B157-7FA96297DFBE}
		{BA1B1784-CDFF-4613-8FD6-397E5A2E5645} = {C29EF0E3-ED24-477D-B7FC-7A6D4C2F3ACE}
		{2F2E7C11-8023-4D11-8ED8-ABCA40108267} = {6D4E8EC5-F195-408C-B157-7FA96297DFBE}
		{0F389FC2-D2E9-4811-A8DC-677D10EEB3E8} = {2F2E7C11-8023-4D11-8ED8-ABCA40108267}
		{2D2EC72D-95E0-4DB9-8958-C630A97A6FDF} = {6D4E8EC5-F195-408C-B157-7FA96297DFBE}
		{84902445-DE88-40E6-814C-D03608A2459D} = {2D2EC72D-95E0-4DB9-8958-C630A97A6FDF}
		{AB7A34F5-0AC5-45E6-A112-1A2A9913D58C} = {6D4E8EC5-F195-408C-B157-7FA96297DFBE}
		{EBD26139-FDF7-4FDE-8DA9-23C4E952E9EA} = {AB7A34F5-0AC5-45E6-A112-1A2A9913D58C}
	EndGlobalSection
	GlobalSection(ExtensibilityGlobals) = postSolution
		SolutionGuid = {8633F700-66D3-4145-A9B1-D5AC126FC518}
	EndGlobalSection
EndGlobal
