
Microsoft Visual Studio Solution File, Format Version 12.00
# Visual Studio Version 17
VisualStudioVersion = 17.3.32804.467
MinimumVisualStudioVersion = 10.0.40219.1
Project("{2150E333-8FDC-42A3-9474-1A3956D46DE8}") = "Secao06_ComportamentosDeMemoriaArraysListas", "Secao06_ComportamentosDeMemoriaArraysListas", "{6D4E8EC5-F195-408C-B157-7FA96297DFBE}"
	ProjectSection(SolutionItems) = preProject
		notasDaSecao.txt = notasDaSecao.txt
	EndProjectSection
EndProject
Project("{FAE04EC0-301F-11D3-BF4B-00C04F79EFBC}") = "point", "referencia\point.csproj", "{F2E49A8A-E929-4087-A251-533CE7E55E58}"
EndProject
Global
	GlobalSection(SolutionConfigurationPlatforms) = preSolution
		Debug|Any CPU = Debug|Any CPU
		Release|Any CPU = Release|Any CPU
	EndGlobalSection
	GlobalSection(ProjectConfigurationPlatforms) = postSolution
		{F2E49A8A-E929-4087-A251-533CE7E55E58}.Debug|Any CPU.ActiveCfg = Debug|Any CPU
		{F2E49A8A-E929-4087-A251-533CE7E55E58}.Debug|Any CPU.Build.0 = Debug|Any CPU
		{F2E49A8A-E929-4087-A251-533CE7E55E58}.Release|Any CPU.ActiveCfg = Release|Any CPU
		{F2E49A8A-E929-4087-A251-533CE7E55E58}.Release|Any CPU.Build.0 = Release|Any CPU
	EndGlobalSection
	GlobalSection(SolutionProperties) = preSolution
		HideSolutionNode = FALSE
	EndGlobalSection
	GlobalSection(NestedProjects) = preSolution
		{F2E49A8A-E929-4087-A251-533CE7E55E58} = {6D4E8EC5-F195-408C-B157-7FA96297DFBE}
	EndGlobalSection
	GlobalSection(ExtensibilityGlobals) = postSolution
		SolutionGuid = {8633F700-66D3-4145-A9B1-D5AC126FC518}
	EndGlobalSection
EndGlobal
